{
  "adrs": {},
  "landmarks": {
    "config-runtime": {
      "file": "mise.toml",
      "line": 8,
      "node": "/"
    },
    "csp-dynamic": {
      "file": "src/server/proxy/content-security-policy.ts",
      "line": 10,
      "node": "src"
    },
    "format-policy": {
      "file": "oxfmt.config.ts",
      "line": 17,
      "node": "/"
    },
    "lefthook-unmatched": {
      "file": "lefthook.toml",
      "line": 21,
      "node": "/"
    },
    "proxy-short-circuit": {
      "file": "src/server/proxy/index.ts",
      "line": 15,
      "node": "src"
    },
    "wasm-output": {
      "file": "scripts/background-wasm.ts",
      "line": 44,
      "node": "/"
    }
  },
  "nodes": {
    "/": {
      "budget": null,
      "claims": [
        {
          "anchor": "※ config-runtime",
          "enforced_by": null,
          "id": "config-runtime",
          "kind": "hazard",
          "resolved": "mise.toml:8",
          "text": "TWO RUNTIMES — mise pins both bun and node, locally and in CI; repo-owned invocations must carry --bun/bunx --bun or they run on node, while third-party node-shebang bins (agent-browser, vercel and its builders) run on node; oxlint/oxfmt and @jlg/oxlint's JS plugins run on bun because package.json and lefthook launch them with --bun",
          "verified": {
            "digest": null,
            "sha": "60904b4a22f4251379dc0244772a0d34da8006c9"
          }
        },
        {
          "anchor": "※ format-policy",
          "enforced_by": null,
          "id": "format-policy",
          "kind": "invariant",
          "resolved": "oxfmt.config.ts:17",
          "text": "FORMAT POLICY — printWidth is deliberately absent (oxfmt default 100; the repo predates the base's former 80); singleQuote comes from the @jlg/oxfmt base via defineConfig",
          "verified": {
            "digest": "800201c0bcb8635271df72de53b7681de30a9c95fd732c40fe915eaf49c619ed",
            "sha": "60904b4a22f4251379dc0244772a0d34da8006c9"
          }
        },
        {
          "anchor": "※ lefthook-unmatched",
          "enforced_by": null,
          "id": "lefthook-unmatched",
          "kind": "hazard",
          "resolved": "lefthook.toml:21",
          "text": "LEFTHOOK FOOTGUN — oxlint (exit 1, 'No files found to lint') and oxfmt 0.62+ (exit 2, 'Expected at least one target file') both fail the commit when every staged file is ignored; --no-error-on-unmatched-pattern is load-bearing on both hooks in lefthook.toml",
          "verified": {
            "digest": null,
            "sha": "60904b4a22f4251379dc0244772a0d34da8006c9"
          }
        },
        {
          "anchor": "※ wasm-output",
          "enforced_by": null,
          "id": "wasm-output",
          "kind": "hazard",
          "resolved": "scripts/background-wasm.ts:44",
          "text": "WASM OUTPUT — public/background is wasm-bindgen output, gitignored: deploy.yaml regenerates it with `bun run background:build` before `vercel build`, or restores it from a cache keyed on the crate sources and build script, and local dev runs the same command once for the background to render — never hand-edited or committed, ignored by both lint and fmt",
          "verified": {
            "digest": "f5a239e2ae9f1e43569e8052af97b08d28ca6b71f7588875a6ef23ef07714b28",
            "sha": "60904b4a22f4251379dc0244772a0d34da8006c9"
          }
        }
      ],
      "commands": {
        "background:build": "bun run background:build",
        "build": "bun run build",
        "dev": "bun run dev",
        "e2e:remote": "bun run e2e:remote <deployment-url>",
        "fmt:check": "bun run fmt --check",
        "lint": "bun run lint",
        "tsc": "bunx --bun tsc --noEmit"
      },
      "contains": [
        "src"
      ],
      "declared": {
        "allow": [],
        "decided_by": [],
        "depends": []
      },
      "extracted": {
        "imports": []
      },
      "id": "/",
      "kind": "system",
      "purpose": "Personal web profile — Next 16 App Router on Bun, deployed to Vercel, with a Rust/Bevy wasm animated background and a strict per-request CSP. No backend; the site IS the product."
    },
    "src": {
      "budget": null,
      "claims": [
        {
          "anchor": "※ csp-dynamic",
          "enforced_by": null,
          "id": "csp-dynamic",
          "kind": "invariant",
          "resolved": "src/server/proxy/content-security-policy.ts:10",
          "text": "CSP DYNAMIC — every response carries a fresh per-request CSP nonce minted in the proxy; a build-time static shell cannot hold it, so cacheComponents stays OFF in next.config.js and these routes stay fully dynamic (no cache flag at all — nothing uses the `use cache` directive)",
          "verified": {
            "digest": "29a6c1811133e0f6c464e6b09eb98e6a936b9de3f72532384a914cb6425b2a5d",
            "sha": "60904b4a22f4251379dc0244772a0d34da8006c9"
          }
        },
        {
          "anchor": "※ proxy-short-circuit",
          "enforced_by": null,
          "id": "proxy-short-circuit",
          "kind": "hazard",
          "resolved": "src/server/proxy/index.ts:15",
          "text": "PROXY SHORT-CIRCUIT — a proxy handler aborts the chain by THROWING a NextResponse (caught in createProxy and returned as-is); a normally-returned response is merged into the shared response, not short-circuited",
          "verified": {
            "digest": "05f57d33883bceae372f0e3aea0f2c13c87a14ca084d06ed2c9b3dfa4a2aadf9",
            "sha": "60904b4a22f4251379dc0244772a0d34da8006c9"
          }
        }
      ],
      "commands": {},
      "contains": [],
      "declared": {
        "allow": [],
        "decided_by": [],
        "depends": []
      },
      "extracted": {
        "imports": []
      },
      "id": "src",
      "kind": "container",
      "purpose": "Next App Router UI (app/ pages, components/) plus the proxy handler chain under server/proxy. Rendering is fully dynamic — see the CSP invariant."
    }
  },
  "version": 2
}
