{
  "adrs": {},
  "landmarks": {
    "alias-consumption": {
      "file": ".npmrc",
      "line": 1,
      "node": "/"
    },
    "config-runtime": {
      "file": "mise.toml",
      "line": 5,
      "node": "/"
    },
    "csp-dynamic": {
      "file": "src/server/proxy/content-security-policy.ts",
      "line": 10,
      "node": "src"
    },
    "format-policy": {
      "file": "oxfmt.config.ts",
      "line": 9,
      "node": "/"
    },
    "lefthook-unmatched": {
      "file": "lefthook.toml",
      "line": 18,
      "node": "/"
    },
    "proxy-short-circuit": {
      "file": "src/server/proxy/index.ts",
      "line": 16,
      "node": "src"
    },
    "ts7-build": {
      "file": "next.config.js",
      "line": 42,
      "node": "/"
    },
    "wasm-output": {
      "file": "scripts/background-wasm.ts",
      "line": 44,
      "node": "/"
    }
  },
  "nodes": {
    "/": {
      "budget": null,
      "claims": [
        {
          "anchor": "lm:alias-consumption",
          "enforced_by": null,
          "id": "alias-consumption",
          "kind": "invariant",
          "resolved": ".npmrc:1",
          "text": "ALIAS CONSUMPTION — @jlg/* names in package.json/configs are npm aliases to npm:@jgeschwendt/* on GitHub Packages (interim scope; the npmjs @jlg org is the end state); .npmrc + NODE_AUTH_TOKEN are required even for public reads (anonymous 401)",
          "verified": {
            "digest": null,
            "sha": "f8045307bc4373b53d9f0799199b91e505fe1035"
          }
        },
        {
          "anchor": "lm:config-runtime",
          "enforced_by": null,
          "id": "config-runtime",
          "kind": "hazard",
          "resolved": "mise.toml:5",
          "text": "CONFIG RUNTIME — oxlint.config.ts / oxfmt.config.ts are auto-discovered; oxlint's evaluates under Node >=22.18 even via bunx, so mise pins node for CI",
          "verified": {
            "digest": null,
            "sha": "f8045307bc4373b53d9f0799199b91e505fe1035"
          }
        },
        {
          "anchor": "lm:format-policy",
          "enforced_by": null,
          "id": "format-policy",
          "kind": "invariant",
          "resolved": "oxfmt.config.ts:9",
          "text": "FORMAT POLICY — printWidth is deliberately absent (oxfmt default 100; the repo predates the base's former 80); singleQuote comes from the @jlg/oxfmt base via defineConfig",
          "verified": {
            "digest": "d1138e9ac0e1878d9b715295a1434d353690b0f02cbfdfbe05bc796cb86ed661",
            "sha": "f8045307bc4373b53d9f0799199b91e505fe1035"
          }
        },
        {
          "anchor": "lm:lefthook-unmatched",
          "enforced_by": null,
          "id": "lefthook-unmatched",
          "kind": "hazard",
          "resolved": "lefthook.toml:18",
          "text": "LEFTHOOK FOOTGUN — oxlint (exit 1, 'No files found to lint') and oxfmt 0.62+ (exit 2, 'Expected at least one target file') both fail the commit when every staged file is ignored; --no-error-on-unmatched-pattern is load-bearing on both hooks in lefthook.toml",
          "verified": {
            "digest": null,
            "sha": "f8045307bc4373b53d9f0799199b91e505fe1035"
          }
        },
        {
          "anchor": "lm:ts7-build",
          "enforced_by": null,
          "id": "ts7-build",
          "kind": "hazard",
          "resolved": "next.config.js:42",
          "text": "TS7 BUILD — Next 16.2 cannot drive TypeScript 7's native API in-build; @typescript/native-preview is the escape hatch that makes `next build` pass; ignoreBuildErrors alone does NOT help (dependency detection still crashes); the CI `bunx tsc --noEmit` step is the real type gate",
          "verified": {
            "digest": "c2d269a2f39b6a9c49598d8362ce9fc8a61c83bf6bceea5d629c7b744072f56a",
            "sha": "f8045307bc4373b53d9f0799199b91e505fe1035"
          }
        },
        {
          "anchor": "lm:wasm-output",
          "enforced_by": null,
          "id": "wasm-output",
          "kind": "hazard",
          "resolved": "scripts/background-wasm.ts:44",
          "text": "WASM OUTPUT — public/background is wasm-bindgen output regenerated by `bun run background:build` — never hand-edited, ignored by both lint and fmt",
          "verified": {
            "digest": "f5a239e2ae9f1e43569e8052af97b08d28ca6b71f7588875a6ef23ef07714b28",
            "sha": "f8045307bc4373b53d9f0799199b91e505fe1035"
          }
        }
      ],
      "commands": {
        "background:build": "bun run background:build",
        "build": "bun run build",
        "dev": "bun run dev",
        "fmt:check": "bun run fmt:check",
        "lint": "bun run lint",
        "tsc": "bunx tsc --noEmit"
      },
      "contains": [
        "src"
      ],
      "declared": {
        "allow": [],
        "decided_by": [],
        "depends": []
      },
      "extracted": {
        "imports": []
      },
      "id": "/",
      "kind": "system",
      "purpose": "Personal web profile — Next 16 App Router on Bun, deployed to Vercel, with a Rust/Bevy wasm animated background and a strict per-request CSP. No backend; the site IS the product."
    },
    "src": {
      "budget": null,
      "claims": [
        {
          "anchor": "lm:csp-dynamic",
          "enforced_by": null,
          "id": "csp-dynamic",
          "kind": "invariant",
          "resolved": "src/server/proxy/content-security-policy.ts:10",
          "text": "CSP DYNAMIC — every response carries a fresh per-request CSP nonce minted in the proxy; a build-time static shell cannot hold it, so cacheComponents stays OFF in next.config.js and these routes stay fully dynamic (useCache still allows `use cache` within a dynamic render)",
          "verified": {
            "digest": "179a67ab070d22decbf1a9133cf93352f25e6184459c1cf067ff79fa8efceee0",
            "sha": "f8045307bc4373b53d9f0799199b91e505fe1035"
          }
        },
        {
          "anchor": "lm:proxy-short-circuit",
          "enforced_by": null,
          "id": "proxy-short-circuit",
          "kind": "hazard",
          "resolved": "src/server/proxy/index.ts:16",
          "text": "PROXY SHORT-CIRCUIT — a middleware handler aborts the chain by THROWING a NextResponse (caught in createMiddleware and returned as-is); a normally-returned response is merged into the shared response, not short-circuited",
          "verified": {
            "digest": "b01e117c2768bdda3cf61105cf5078d92adbc041335851716e66cd003e64cd77",
            "sha": "f8045307bc4373b53d9f0799199b91e505fe1035"
          }
        }
      ],
      "commands": {},
      "contains": [],
      "declared": {
        "allow": [],
        "decided_by": [],
        "depends": []
      },
      "extracted": {
        "imports": []
      },
      "id": "src",
      "kind": "container",
      "purpose": "Next App Router UI (app/ pages, components/) plus the Edge middleware chain under server/proxy. Rendering is fully dynamic — see the CSP invariant."
    }
  },
  "version": 1
}
